
Microsoft Visual Studio Solution File, Format Version 12.00
# Visual Studio Version 17
VisualStudioVersion = 17.0.31903.59
MinimumVisualStudioVersion = 10.0.40219.1
Project("{FAE04EC0-301F-11D3-BF4B-00C04F79EFBC}") = "GrpcService1", "GrpcService1\GrpcService1.csproj", "{12D09943-729A-472B-A290-A7AD094A6D79}"
EndProject
Global
	GlobalSection(SolutionConfigurationPlatforms) = preSolution
		Debug|Any CPU = Debug|Any CPU
		Release|Any CPU = Release|Any CPU
	EndGlobalSection
	GlobalSection(ProjectConfigurationPlatforms) = postSolution
		{12D09943-729A-472B-A290-A7AD094A6D79}.Debug|Any CPU.ActiveCfg = Debug|Any CPU
		{12D09943-729A-472B-A290-A7AD094A6D79}.Debug|Any CPU.Build.0 = Debug|Any CPU
		{12D09943-729A-472B-A290-A7AD094A6D79}.Release|Any CPU.ActiveCfg = Release|Any CPU
		{12D09943-729A-472B-A290-A7AD094A6D79}.Release|Any CPU.Build.0 = Release|Any CPU
	EndGlobalSection
	GlobalSection(SolutionProperties) = preSolution
		HideSolutionNode = FALSE
	EndGlobalSection
	GlobalSection(ExtensibilityGlobals) = postSolution
		SolutionGuid = {BBB4DF93-A411-428E-A73F-1086BEC2ADC7}
	EndGlobalSection
EndGlobal
